
Microsoft Visual Studio Solution File, Format Version 12.00
# Visual Studio Version 17
VisualStudioVersion = 17.14.36518.9 d17.14
MinimumVisualStudioVersion = 10.0.40219.1
Project("{FAE04EC0-301F-11D3-BF4B-00C04F79EFBC}") = "ventasZapatiilasAPI", "ventasZapatiilasAPI.csproj", "{95FDF0FA-63F8-490D-9BD4-5256CD31DE98}"
EndProject
Global
	GlobalSection(SolutionConfigurationPlatforms) = preSolution
		Debug|Any CPU = Debug|Any CPU
		Release|Any CPU = Release|Any CPU
	EndGlobalSection
	GlobalSection(ProjectConfigurationPlatforms) = postSolution
		{95FDF0FA-63F8-490D-9BD4-5256CD31DE98}.Debug|Any CPU.ActiveCfg = Debug|Any CPU
		{95FDF0FA-63F8-490D-9BD4-5256CD31DE98}.Debug|Any CPU.Build.0 = Debug|Any CPU
		{95FDF0FA-63F8-490D-9BD4-5256CD31DE98}.Release|Any CPU.ActiveCfg = Release|Any CPU
		{95FDF0FA-63F8-490D-9BD4-5256CD31DE98}.Release|Any CPU.Build.0 = Release|Any CPU
	EndGlobalSection
	GlobalSection(SolutionProperties) = preSolution
		HideSolutionNode = FALSE
	EndGlobalSection
	GlobalSection(ExtensibilityGlobals) = postSolution
		SolutionGuid = {61E03336-B3F4-44CF-99AF-03CFC232F450}
	EndGlobalSection
EndGlobal
